
Microsoft Visual Studio Solution File, Format Version 12.00
# Visual Studio 15
VisualStudioVersion = 15.0.28307.329
MinimumVisualStudioVersion = 10.0.40219.1
Project("{8BC9CEB8-8B4A-11D0-8D11-00A0C91BC942}") = "C++BigHomework", "C++BigHomework.vcxproj", "{403462F9-1777-4AA6-B836-51C1FE0DCE70}"
EndProject
Global
	GlobalSection(SolutionConfigurationPlatforms) = preSolution
		Debug|x64 = Debug|x64
		Debug|x86 = Debug|x86
		Release|x64 = Release|x64
		Release|x86 = Release|x86
	EndGlobalSection
	GlobalSection(ProjectConfigurationPlatforms) = postSolution
		{403462F9-1777-4AA6-B836-51C1FE0DCE70}.Debug|x64.ActiveCfg = Debug|x64
		{403462F9-1777-4AA6-B836-51C1FE0DCE70}.Debug|x64.Build.0 = Debug|x64
		{403462F9-1777-4AA6-B836-51C1FE0DCE70}.Debug|x86.ActiveCfg = Debug|Win32
		{403462F9-1777-4AA6-B836-51C1FE0DCE70}.Debug|x86.Build.0 = Debug|Win32
		{403462F9-1777-4AA6-B836-51C1FE0DCE70}.Release|x64.ActiveCfg = Release|x64
		{403462F9-1777-4AA6-B836-51C1FE0DCE70}.Release|x64.Build.0 = Release|x64
		{403462F9-1777-4AA6-B836-51C1FE0DCE70}.Release|x86.ActiveCfg = Release|Win32
		{403462F9-1777-4AA6-B836-51C1FE0DCE70}.Release|x86.Build.0 = Release|Win32
	EndGlobalSection
	GlobalSection(SolutionProperties) = preSolution
		HideSolutionNode = FALSE
	EndGlobalSection
	GlobalSection(ExtensibilityGlobals) = postSolution
		SolutionGuid = {3A0E4EF2-830E-4E98-B1C8-416FFC4F37CE}
	EndGlobalSection
EndGlobal
